
Microsoft Visual Studio Solution File, Format Version 12.00
# Visual Studio 14
VisualStudioVersion = 14.0.25420.1
MinimumVisualStudioVersion = 10.0.40219.1
Project("{F2A71F9B-5D33-465A-A702-920D77279786}") = "ResponseTimes", "ResponseTimes\ResponseTimes.fsproj", "{B9FA2B15-98A2-40E3-B8B9-E92E0D034F3A}"
EndProject
Global
	GlobalSection(SolutionConfigurationPlatforms) = preSolution
		Debug|Any CPU = Debug|Any CPU
		Release|Any CPU = Release|Any CPU
	EndGlobalSection
	GlobalSection(ProjectConfigurationPlatforms) = postSolution
		{B9FA2B15-98A2-40E3-B8B9-E92E0D034F3A}.Debug|Any CPU.ActiveCfg = Debug|Any CPU
		{B9FA2B15-98A2-40E3-B8B9-E92E0D034F3A}.Debug|Any CPU.Build.0 = Debug|Any CPU
		{B9FA2B15-98A2-40E3-B8B9-E92E0D034F3A}.Release|Any CPU.ActiveCfg = Release|Any CPU
		{B9FA2B15-98A2-40E3-B8B9-E92E0D034F3A}.Release|Any CPU.Build.0 = Release|Any CPU
	EndGlobalSection
	GlobalSection(SolutionProperties) = preSolution
		HideSolutionNode = FALSE
	EndGlobalSection
EndGlobal
